
Microsoft Visual Studio Solution File, Format Version 12.00
# Visual Studio Version 17
VisualStudioVersion = 17.13.35931.197 d17.13
MinimumVisualStudioVersion = 10.0.40219.1
Project("{FAE04EC0-301F-11D3-BF4B-00C04F79EFBC}") = "TP", "TP.csproj", "{ED83246D-D12D-44E4-B024-287E43F7C054}"
EndProject
Global
	GlobalSection(SolutionConfigurationPlatforms) = preSolution
		Debug|Any CPU = Debug|Any CPU
		Release|Any CPU = Release|Any CPU
	EndGlobalSection
	GlobalSection(ProjectConfigurationPlatforms) = postSolution
		{ED83246D-D12D-44E4-B024-287E43F7C054}.Debug|Any CPU.ActiveCfg = Debug|Any CPU
		{ED83246D-D12D-44E4-B024-287E43F7C054}.Debug|Any CPU.Build.0 = Debug|Any CPU
		{ED83246D-D12D-44E4-B024-287E43F7C054}.Release|Any CPU.ActiveCfg = Release|Any CPU
		{ED83246D-D12D-44E4-B024-287E43F7C054}.Release|Any CPU.Build.0 = Release|Any CPU
	EndGlobalSection
	GlobalSection(SolutionProperties) = preSolution
		HideSolutionNode = FALSE
	EndGlobalSection
	GlobalSection(ExtensibilityGlobals) = postSolution
		SolutionGuid = {566A73D3-7E3F-4A65-B4D8-5119F41E31F5}
	EndGlobalSection
EndGlobal
