
Microsoft Visual Studio Solution File, Format Version 12.00
# Visual Studio Version 17
VisualStudioVersion = 17.13.35931.197 d17.13
MinimumVisualStudioVersion = 10.0.40219.1
Project("{FAE04EC0-301F-11D3-BF4B-00C04F79EFBC}") = "TP", "TP.csproj", "{71E5D36C-EFE8-4CBA-B3EF-4D5DFA7C9ABD}"
EndProject
Global
	GlobalSection(SolutionConfigurationPlatforms) = preSolution
		Debug|Any CPU = Debug|Any CPU
		Release|Any CPU = Release|Any CPU
	EndGlobalSection
	GlobalSection(ProjectConfigurationPlatforms) = postSolution
		{71E5D36C-EFE8-4CBA-B3EF-4D5DFA7C9ABD}.Debug|Any CPU.ActiveCfg = Debug|Any CPU
		{71E5D36C-EFE8-4CBA-B3EF-4D5DFA7C9ABD}.Debug|Any CPU.Build.0 = Debug|Any CPU
		{71E5D36C-EFE8-4CBA-B3EF-4D5DFA7C9ABD}.Release|Any CPU.ActiveCfg = Release|Any CPU
		{71E5D36C-EFE8-4CBA-B3EF-4D5DFA7C9ABD}.Release|Any CPU.Build.0 = Release|Any CPU
	EndGlobalSection
	GlobalSection(SolutionProperties) = preSolution
		HideSolutionNode = FALSE
	EndGlobalSection
	GlobalSection(ExtensibilityGlobals) = postSolution
		SolutionGuid = {D8781B70-0AA8-4026-9685-0FCA66188F4A}
	EndGlobalSection
EndGlobal
