
Microsoft Visual Studio Solution File, Format Version 12.00
# Visual Studio Version 17
VisualStudioVersion = 17.13.35825.156 d17.13
MinimumVisualStudioVersion = 10.0.40219.1
Project("{FAE04EC0-301F-11D3-BF4B-00C04F79EFBC}") = "AUTOMATA", "AUTOMATA.csproj", "{8F6F39A1-BF08-4214-8C0C-B3645EB4F7BE}"
EndProject
Global
	GlobalSection(SolutionConfigurationPlatforms) = preSolution
		Debug|Any CPU = Debug|Any CPU
		Release|Any CPU = Release|Any CPU
	EndGlobalSection
	GlobalSection(ProjectConfigurationPlatforms) = postSolution
		{8F6F39A1-BF08-4214-8C0C-B3645EB4F7BE}.Debug|Any CPU.ActiveCfg = Debug|Any CPU
		{8F6F39A1-BF08-4214-8C0C-B3645EB4F7BE}.Debug|Any CPU.Build.0 = Debug|Any CPU
		{8F6F39A1-BF08-4214-8C0C-B3645EB4F7BE}.Release|Any CPU.ActiveCfg = Release|Any CPU
		{8F6F39A1-BF08-4214-8C0C-B3645EB4F7BE}.Release|Any CPU.Build.0 = Release|Any CPU
	EndGlobalSection
	GlobalSection(SolutionProperties) = preSolution
		HideSolutionNode = FALSE
	EndGlobalSection
	GlobalSection(ExtensibilityGlobals) = postSolution
		SolutionGuid = {56FE0FFB-9FAE-43C2-B343-C4B14B7FC024}
	EndGlobalSection
EndGlobal
