
Microsoft Visual Studio Solution File, Format Version 12.00
# Visual Studio Version 17
VisualStudioVersion = 17.13.35825.156 d17.13
MinimumVisualStudioVersion = 10.0.40219.1
Project("{FAE04EC0-301F-11D3-BF4B-00C04F79EFBC}") = "Generic", "Generic.csproj", "{B7AD21D4-CDED-4C9B-B68E-8B9B9F0B9C7C}"
EndProject
Global
	GlobalSection(SolutionConfigurationPlatforms) = preSolution
		Debug|Any CPU = Debug|Any CPU
		Release|Any CPU = Release|Any CPU
	EndGlobalSection
	GlobalSection(ProjectConfigurationPlatforms) = postSolution
		{B7AD21D4-CDED-4C9B-B68E-8B9B9F0B9C7C}.Debug|Any CPU.ActiveCfg = Debug|Any CPU
		{B7AD21D4-CDED-4C9B-B68E-8B9B9F0B9C7C}.Debug|Any CPU.Build.0 = Debug|Any CPU
		{B7AD21D4-CDED-4C9B-B68E-8B9B9F0B9C7C}.Release|Any CPU.ActiveCfg = Release|Any CPU
		{B7AD21D4-CDED-4C9B-B68E-8B9B9F0B9C7C}.Release|Any CPU.Build.0 = Release|Any CPU
	EndGlobalSection
	GlobalSection(SolutionProperties) = preSolution
		HideSolutionNode = FALSE
	EndGlobalSection
	GlobalSection(ExtensibilityGlobals) = postSolution
		SolutionGuid = {98E679D3-16B0-4983-B95F-7AABEFF7D453}
	EndGlobalSection
EndGlobal
