
Microsoft Visual Studio Solution File, Format Version 12.00
# Visual Studio Version 17
VisualStudioVersion = 17.13.35931.197 d17.13
MinimumVisualStudioVersion = 10.0.40219.1
Project("{FAE04EC0-301F-11D3-BF4B-00C04F79EFBC}") = "JURNAL", "JURNAL.csproj", "{C7C51493-AD41-428E-87CE-C5ACC7303403}"
EndProject
Global
	GlobalSection(SolutionConfigurationPlatforms) = preSolution
		Debug|Any CPU = Debug|Any CPU
		Release|Any CPU = Release|Any CPU
	EndGlobalSection
	GlobalSection(ProjectConfigurationPlatforms) = postSolution
		{C7C51493-AD41-428E-87CE-C5ACC7303403}.Debug|Any CPU.ActiveCfg = Debug|Any CPU
		{C7C51493-AD41-428E-87CE-C5ACC7303403}.Debug|Any CPU.Build.0 = Debug|Any CPU
		{C7C51493-AD41-428E-87CE-C5ACC7303403}.Release|Any CPU.ActiveCfg = Release|Any CPU
		{C7C51493-AD41-428E-87CE-C5ACC7303403}.Release|Any CPU.Build.0 = Release|Any CPU
	EndGlobalSection
	GlobalSection(SolutionProperties) = preSolution
		HideSolutionNode = FALSE
	EndGlobalSection
	GlobalSection(ExtensibilityGlobals) = postSolution
		SolutionGuid = {950CE213-5B71-41CE-85AC-F94F6DCB6ADA}
	EndGlobalSection
EndGlobal
